
Microsoft Visual Studio Solution File, Format Version 12.00
# Visual Studio Version 17
VisualStudioVersion = 17.1.32228.430
MinimumVisualStudioVersion = 10.0.40219.1
Project("{2150E333-8FDC-42A3-9474-1A3956D46DE8}") = "src", "src", "{7D7BF668-ADC3-4AC7-94EA-5F70425FFC1E}"
EndProject
Project("{2150E333-8FDC-42A3-9474-1A3956D46DE8}") = "sample", "sample", "{47E5839C-292E-459F-9215-15CCE4AF9585}"
EndProject
Project("{2150E333-8FDC-42A3-9474-1A3956D46DE8}") = "MyECommerceSite", "MyECommerceSite", "{FD978187-6076-430D-AC5A-5592AF7211EF}"
EndProject
Project("{2150E333-8FDC-42A3-9474-1A3956D46DE8}") = "Application", "Application", "{3A471D41-70DD-4A71-B56A-A41EE5393EA1}"
EndProject
Project("{2150E333-8FDC-42A3-9474-1A3956D46DE8}") = "Domain", "Domain", "{6694537A-82EE-4A3D-88A4-CFC4090B9508}"
EndProject
Project("{2150E333-8FDC-42A3-9474-1A3956D46DE8}") = "Infrastructure", "Infrastructure", "{D946E8A7-63E8-4456-AF63-F4603E392F33}"
EndProject
Project("{9A19103F-16F7-4668-BE54-9A1E7A4F7556}") = "MyECommerceSite.Domain", "sample\MyECommerceSite\Domain\MyECommerceSite.Domain\MyECommerceSite.Domain.csproj", "{EA958F12-7066-4A81-812F-557959D3B816}"
EndProject
Project("{9A19103F-16F7-4668-BE54-9A1E7A4F7556}") = "MyECommerceSite.InfrastructureBuilder", "sample\MyECommerceSite\Infrastructure\MyECommerceSite.InfrastructureBuilder\MyECommerceSite.InfrastructureBuilder.csproj", "{9A74B5C4-9664-49AF-A045-4F07CDE69603}"
EndProject
Project("{9A19103F-16F7-4668-BE54-9A1E7A4F7556}") = "MyECommerceSite.Domain.Customer", "sample\MyECommerceSite\Domain\MyECommerceSite.Domain.Customer\MyECommerceSite.Domain.Customer.csproj", "{367174A5-214E-44F5-AA20-C93BAB364D1D}"
EndProject
Project("{9A19103F-16F7-4668-BE54-9A1E7A4F7556}") = "MyECommerceSite.Domain.Order", "sample\MyECommerceSite\Domain\MyECommerceSite.Domain.Order\MyECommerceSite.Domain.Order.csproj", "{30A78BFA-4CBB-4FCB-BAE0-07E5DB3ECA1C}"
EndProject
Project("{9A19103F-16F7-4668-BE54-9A1E7A4F7556}") = "MyECommerceSite.Domain.Product", "sample\MyECommerceSite\Domain\MyECommerceSite.Domain.Product\MyECommerceSite.Domain.Product.csproj", "{F2BCB6B5-8B66-403A-958C-BFB12DFED31D}"
EndProject
Project("{9A19103F-16F7-4668-BE54-9A1E7A4F7556}") = "MyECommerceSite.Domain.Shipping", "sample\MyECommerceSite\Domain\MyECommerceSite.Domain.Shipping\MyECommerceSite.Domain.Shipping.csproj", "{44B0AAD3-7B4A-4F03-97F7-F2637933611A}"
EndProject
Project("{2150E333-8FDC-42A3-9474-1A3956D46DE8}") = "DTO", "DTO", "{0B19E27C-0170-4094-8237-2ECE0FFE2422}"
EndProject
Project("{2150E333-8FDC-42A3-9474-1A3956D46DE8}") = "_Template", "_Template", "{BDE4E4CE-97AA-47EF-9C51-4CBEE216CD42}"
EndProject
Project("{9A19103F-16F7-4668-BE54-9A1E7A4F7556}") = "MyECommerceSite.Application.DTO", "sample\MyECommerceSite\Application\DTO\MyECommerceSite.Application.DTO\MyECommerceSite.Application.DTO.csproj", "{205B2048-25C5-44D9-B47E-5755306EFF71}"
EndProject
Project("{2150E333-8FDC-42A3-9474-1A3956D46DE8}") = "Mappings", "Mappings", "{F39FB269-6C0C-4CAC-A273-0467258B13B5}"
EndProject
Project("{2150E333-8FDC-42A3-9474-1A3956D46DE8}") = "DomainDTOMappings", "DomainDTOMappings", "{624D7F7A-F0DD-418A-BF66-21F189601785}"
EndProject
Project("{9A19103F-16F7-4668-BE54-9A1E7A4F7556}") = "MyECommerceSite.Application.Customer.DTO", "sample\MyECommerceSite\Application\DTO\MyECommerceSite.Application.Customer.DTO\MyECommerceSite.Application.Customer.DTO.csproj", "{6CFE28E0-4279-48AA-ACC6-334A54C304C9}"
EndProject
Project("{9A19103F-16F7-4668-BE54-9A1E7A4F7556}") = "MyECommerceSite.Application.Product.DTO", "sample\MyECommerceSite\Application\DTO\MyECommerceSite.Application.Product.DTO\MyECommerceSite.Application.Product.DTO.csproj", "{FBBF7DE1-5EBD-4B72-888C-1D28AD3BA586}"
EndProject
Project("{9A19103F-16F7-4668-BE54-9A1E7A4F7556}") = "MyECommerceSite.Application.Product.DomainDTOMappings", "sample\MyECommerceSite\Application\Mappings\DomainDTOMappings\MyECommerceSite.Application.Product.DomainDTOMappings\MyECommerceSite.Application.Product.DomainDTOMappings.csproj", "{BA6C104C-A9DF-4E98-841E-33D3EA7206EE}"
EndProject
Project("{2150E333-8FDC-42A3-9474-1A3956D46DE8}") = "Worker", "Worker", "{E635C3B9-2F91-45FF-A83C-083C45BEA7E7}"
EndProject
Project("{9A19103F-16F7-4668-BE54-9A1E7A4F7556}") = "MyECommerceSite.Simulator", "sample\MyECommerceSite\Application\Worker\MyECommerceSite.Simulator\MyECommerceSite.Simulator.csproj", "{BDA73372-853C-415F-8446-9F45D263A710}"
EndProject
Project("{9A19103F-16F7-4668-BE54-9A1E7A4F7556}") = "MyECommerceSite.Application.Shipping.DTO", "sample\MyECommerceSite\Application\DTO\MyECommerceSite.Application.Shipping.DTO\MyECommerceSite.Application.Shipping.DTO.csproj", "{09954976-5777-47A0-AD37-8A330628FCE9}"
EndProject
Project("{9A19103F-16F7-4668-BE54-9A1E7A4F7556}") = "MyECommerceSite.Application.Order.DTO", "sample\MyECommerceSite\Application\DTO\MyECommerceSite.Application.Order.DTO\MyECommerceSite.Application.Order.DTO.csproj", "{40F73228-E12C-4398-8E32-301371EF2C4D}"
EndProject
Project("{9A19103F-16F7-4668-BE54-9A1E7A4F7556}") = "MyECommerceSite.Domain.Billing", "sample\MyECommerceSite\Domain\MyECommerceSite.Domain.Billing\MyECommerceSite.Domain.Billing.csproj", "{C8E1785F-2162-4B8D-A380-B8CB0E03BEB4}"
EndProject
Project("{9A19103F-16F7-4668-BE54-9A1E7A4F7556}") = "MyECommerceSite.Application.Shipping.DomainDTOMappings", "sample\MyECommerceSite\Application\Mappings\DomainDTOMappings\MyECommerceSite.Application.Shipping.DomainDTOMappings\MyECommerceSite.Application.Shipping.DomainDTOMappings.csproj", "{92E6B581-5411-4CAE-8620-B6E5D988F3B5}"
EndProject
Project("{2150E333-8FDC-42A3-9474-1A3956D46DE8}") = "Azure", "Azure", "{D8FC81A2-F620-4B95-8082-AA0FBDAAE963}"
EndProject
Project("{2150E333-8FDC-42A3-9474-1A3956D46DE8}") = "Json", "Json", "{4ED4ED14-36C2-4CF9-AF66-0F84C707BC21}"
EndProject
Project("{2150E333-8FDC-42A3-9474-1A3956D46DE8}") = "Core", "Core", "{B840FB93-C39B-4947-82F4-F1E4BB018474}"
EndProject
Project("{9A19103F-16F7-4668-BE54-9A1E7A4F7556}") = "ARMTemplateBuilder", "src\Azure\ARMTemplateBuilder\ARMTemplateBuilder.csproj", "{19433E39-4AB1-4910-9442-E9C02599D455}"
EndProject
Project("{9A19103F-16F7-4668-BE54-9A1E7A4F7556}") = "MediatR.InfrastructureBuilder.Azure.Serverless", "src\Azure\MediatR.InfrastructureBuilder.Azure.Serverless\MediatR.InfrastructureBuilder.Azure.Serverless.csproj", "{6AAA0F27-7AFA-4680-B177-EB6557A100FB}"
EndProject
Project("{9A19103F-16F7-4668-BE54-9A1E7A4F7556}") = "MediatR.InfrastructureBuilder", "src\Core\MediatR.InfrastructureBuilder\MediatR.InfrastructureBuilder.csproj", "{BB8B827A-A3FD-493D-BDA3-30AFCA89739F}"
EndProject
Project("{9A19103F-16F7-4668-BE54-9A1E7A4F7556}") = "MediatR.InfrastructureBuilder.Messaging.JsonSerialization", "src\Json\MediatR.InfrastructureBuilder.Messaging.JsonSerialization\MediatR.InfrastructureBuilder.Messaging.JsonSerialization.csproj", "{33AD4FDB-B6B0-4C9E-9398-8BB29CE3F274}"
EndProject
Project("{9A19103F-16F7-4668-BE54-9A1E7A4F7556}") = "FakeDomain", "src\Azure\_Template\FakeDomain\FakeDomain.csproj", "{145B50D8-8203-4E61-A3C5-B8C80D9AF47A}"
EndProject
Project("{9A19103F-16F7-4668-BE54-9A1E7A4F7556}") = "FunctionApp.Template", "src\Azure\_Template\FunctionApp.Template\FunctionApp.Template.csproj", "{93B847DD-A88F-4F73-B024-B5A7DC119F69}"
EndProject
Project("{151D2E53-A2C4-4D7D-83FE-D05416EBD58E}") = "ResourceGroup.Template", "src\Azure\_Template\ResourceGroup.Template\ResourceGroup.Template.deployproj", "{B19D8A12-1822-490D-8E0A-B9E826A5583F}"
EndProject
Global
	GlobalSection(SolutionConfigurationPlatforms) = preSolution
		Debug|Any CPU = Debug|Any CPU
		Release|Any CPU = Release|Any CPU
	EndGlobalSection
	GlobalSection(ProjectConfigurationPlatforms) = postSolution
		{EA958F12-7066-4A81-812F-557959D3B816}.Debug|Any CPU.ActiveCfg = Debug|Any CPU
		{EA958F12-7066-4A81-812F-557959D3B816}.Debug|Any CPU.Build.0 = Debug|Any CPU
		{EA958F12-7066-4A81-812F-557959D3B816}.Release|Any CPU.ActiveCfg = Release|Any CPU
		{EA958F12-7066-4A81-812F-557959D3B816}.Release|Any CPU.Build.0 = Release|Any CPU
		{9A74B5C4-9664-49AF-A045-4F07CDE69603}.Debug|Any CPU.ActiveCfg = Debug|Any CPU
		{9A74B5C4-9664-49AF-A045-4F07CDE69603}.Debug|Any CPU.Build.0 = Debug|Any CPU
		{9A74B5C4-9664-49AF-A045-4F07CDE69603}.Release|Any CPU.ActiveCfg = Release|Any CPU
		{9A74B5C4-9664-49AF-A045-4F07CDE69603}.Release|Any CPU.Build.0 = Release|Any CPU
		{367174A5-214E-44F5-AA20-C93BAB364D1D}.Debug|Any CPU.ActiveCfg = Debug|Any CPU
		{367174A5-214E-44F5-AA20-C93BAB364D1D}.Debug|Any CPU.Build.0 = Debug|Any CPU
		{367174A5-214E-44F5-AA20-C93BAB364D1D}.Release|Any CPU.ActiveCfg = Release|Any CPU
		{367174A5-214E-44F5-AA20-C93BAB364D1D}.Release|Any CPU.Build.0 = Release|Any CPU
		{30A78BFA-4CBB-4FCB-BAE0-07E5DB3ECA1C}.Debug|Any CPU.ActiveCfg = Debug|Any CPU
		{30A78BFA-4CBB-4FCB-BAE0-07E5DB3ECA1C}.Debug|Any CPU.Build.0 = Debug|Any CPU
		{30A78BFA-4CBB-4FCB-BAE0-07E5DB3ECA1C}.Release|Any CPU.ActiveCfg = Release|Any CPU
		{30A78BFA-4CBB-4FCB-BAE0-07E5DB3ECA1C}.Release|Any CPU.Build.0 = Release|Any CPU
		{F2BCB6B5-8B66-403A-958C-BFB12DFED31D}.Debug|Any CPU.ActiveCfg = Debug|Any CPU
		{F2BCB6B5-8B66-403A-958C-BFB12DFED31D}.Debug|Any CPU.Build.0 = Debug|Any CPU
		{F2BCB6B5-8B66-403A-958C-BFB12DFED31D}.Release|Any CPU.ActiveCfg = Release|Any CPU
		{F2BCB6B5-8B66-403A-958C-BFB12DFED31D}.Release|Any CPU.Build.0 = Release|Any CPU
		{44B0AAD3-7B4A-4F03-97F7-F2637933611A}.Debug|Any CPU.ActiveCfg = Debug|Any CPU
		{44B0AAD3-7B4A-4F03-97F7-F2637933611A}.Debug|Any CPU.Build.0 = Debug|Any CPU
		{44B0AAD3-7B4A-4F03-97F7-F2637933611A}.Release|Any CPU.ActiveCfg = Release|Any CPU
		{44B0AAD3-7B4A-4F03-97F7-F2637933611A}.Release|Any CPU.Build.0 = Release|Any CPU
		{205B2048-25C5-44D9-B47E-5755306EFF71}.Debug|Any CPU.ActiveCfg = Debug|Any CPU
		{205B2048-25C5-44D9-B47E-5755306EFF71}.Debug|Any CPU.Build.0 = Debug|Any CPU
		{205B2048-25C5-44D9-B47E-5755306EFF71}.Release|Any CPU.ActiveCfg = Release|Any CPU
		{205B2048-25C5-44D9-B47E-5755306EFF71}.Release|Any CPU.Build.0 = Release|Any CPU
		{6CFE28E0-4279-48AA-ACC6-334A54C304C9}.Debug|Any CPU.ActiveCfg = Debug|Any CPU
		{6CFE28E0-4279-48AA-ACC6-334A54C304C9}.Debug|Any CPU.Build.0 = Debug|Any CPU
		{6CFE28E0-4279-48AA-ACC6-334A54C304C9}.Release|Any CPU.ActiveCfg = Release|Any CPU
		{6CFE28E0-4279-48AA-ACC6-334A54C304C9}.Release|Any CPU.Build.0 = Release|Any CPU
		{FBBF7DE1-5EBD-4B72-888C-1D28AD3BA586}.Debug|Any CPU.ActiveCfg = Debug|Any CPU
		{FBBF7DE1-5EBD-4B72-888C-1D28AD3BA586}.Debug|Any CPU.Build.0 = Debug|Any CPU
		{FBBF7DE1-5EBD-4B72-888C-1D28AD3BA586}.Release|Any CPU.ActiveCfg = Release|Any CPU
		{FBBF7DE1-5EBD-4B72-888C-1D28AD3BA586}.Release|Any CPU.Build.0 = Release|Any CPU
		{BA6C104C-A9DF-4E98-841E-33D3EA7206EE}.Debug|Any CPU.ActiveCfg = Debug|Any CPU
		{BA6C104C-A9DF-4E98-841E-33D3EA7206EE}.Debug|Any CPU.Build.0 = Debug|Any CPU
		{BA6C104C-A9DF-4E98-841E-33D3EA7206EE}.Release|Any CPU.ActiveCfg = Release|Any CPU
		{BA6C104C-A9DF-4E98-841E-33D3EA7206EE}.Release|Any CPU.Build.0 = Release|Any CPU
		{BDA73372-853C-415F-8446-9F45D263A710}.Debug|Any CPU.ActiveCfg = Debug|Any CPU
		{BDA73372-853C-415F-8446-9F45D263A710}.Debug|Any CPU.Build.0 = Debug|Any CPU
		{BDA73372-853C-415F-8446-9F45D263A710}.Release|Any CPU.ActiveCfg = Release|Any CPU
		{BDA73372-853C-415F-8446-9F45D263A710}.Release|Any CPU.Build.0 = Release|Any CPU
		{09954976-5777-47A0-AD37-8A330628FCE9}.Debug|Any CPU.ActiveCfg = Debug|Any CPU
		{09954976-5777-47A0-AD37-8A330628FCE9}.Debug|Any CPU.Build.0 = Debug|Any CPU
		{09954976-5777-47A0-AD37-8A330628FCE9}.Release|Any CPU.ActiveCfg = Release|Any CPU
		{09954976-5777-47A0-AD37-8A330628FCE9}.Release|Any CPU.Build.0 = Release|Any CPU
		{40F73228-E12C-4398-8E32-301371EF2C4D}.Debug|Any CPU.ActiveCfg = Debug|Any CPU
		{40F73228-E12C-4398-8E32-301371EF2C4D}.Debug|Any CPU.Build.0 = Debug|Any CPU
		{40F73228-E12C-4398-8E32-301371EF2C4D}.Release|Any CPU.ActiveCfg = Release|Any CPU
		{40F73228-E12C-4398-8E32-301371EF2C4D}.Release|Any CPU.Build.0 = Release|Any CPU
		{C8E1785F-2162-4B8D-A380-B8CB0E03BEB4}.Debug|Any CPU.ActiveCfg = Debug|Any CPU
		{C8E1785F-2162-4B8D-A380-B8CB0E03BEB4}.Debug|Any CPU.Build.0 = Debug|Any CPU
		{C8E1785F-2162-4B8D-A380-B8CB0E03BEB4}.Release|Any CPU.ActiveCfg = Release|Any CPU
		{C8E1785F-2162-4B8D-A380-B8CB0E03BEB4}.Release|Any CPU.Build.0 = Release|Any CPU
		{92E6B581-5411-4CAE-8620-B6E5D988F3B5}.Debug|Any CPU.ActiveCfg = Debug|Any CPU
		{92E6B581-5411-4CAE-8620-B6E5D988F3B5}.Debug|Any CPU.Build.0 = Debug|Any CPU
		{92E6B581-5411-4CAE-8620-B6E5D988F3B5}.Release|Any CPU.ActiveCfg = Release|Any CPU
		{92E6B581-5411-4CAE-8620-B6E5D988F3B5}.Release|Any CPU.Build.0 = Release|Any CPU
		{19433E39-4AB1-4910-9442-E9C02599D455}.Debug|Any CPU.ActiveCfg = Debug|Any CPU
		{19433E39-4AB1-4910-9442-E9C02599D455}.Debug|Any CPU.Build.0 = Debug|Any CPU
		{19433E39-4AB1-4910-9442-E9C02599D455}.Release|Any CPU.ActiveCfg = Release|Any CPU
		{19433E39-4AB1-4910-9442-E9C02599D455}.Release|Any CPU.Build.0 = Release|Any CPU
		{6AAA0F27-7AFA-4680-B177-EB6557A100FB}.Debug|Any CPU.ActiveCfg = Debug|Any CPU
		{6AAA0F27-7AFA-4680-B177-EB6557A100FB}.Debug|Any CPU.Build.0 = Debug|Any CPU
		{6AAA0F27-7AFA-4680-B177-EB6557A100FB}.Release|Any CPU.ActiveCfg = Release|Any CPU
		{6AAA0F27-7AFA-4680-B177-EB6557A100FB}.Release|Any CPU.Build.0 = Release|Any CPU
		{BB8B827A-A3FD-493D-BDA3-30AFCA89739F}.Debug|Any CPU.ActiveCfg = Debug|Any CPU
		{BB8B827A-A3FD-493D-BDA3-30AFCA89739F}.Debug|Any CPU.Build.0 = Debug|Any CPU
		{BB8B827A-A3FD-493D-BDA3-30AFCA89739F}.Release|Any CPU.ActiveCfg = Release|Any CPU
		{BB8B827A-A3FD-493D-BDA3-30AFCA89739F}.Release|Any CPU.Build.0 = Release|Any CPU
		{33AD4FDB-B6B0-4C9E-9398-8BB29CE3F274}.Debug|Any CPU.ActiveCfg = Debug|Any CPU
		{33AD4FDB-B6B0-4C9E-9398-8BB29CE3F274}.Debug|Any CPU.Build.0 = Debug|Any CPU
		{33AD4FDB-B6B0-4C9E-9398-8BB29CE3F274}.Release|Any CPU.ActiveCfg = Release|Any CPU
		{33AD4FDB-B6B0-4C9E-9398-8BB29CE3F274}.Release|Any CPU.Build.0 = Release|Any CPU
		{145B50D8-8203-4E61-A3C5-B8C80D9AF47A}.Debug|Any CPU.ActiveCfg = Debug|Any CPU
		{145B50D8-8203-4E61-A3C5-B8C80D9AF47A}.Debug|Any CPU.Build.0 = Debug|Any CPU
		{145B50D8-8203-4E61-A3C5-B8C80D9AF47A}.Release|Any CPU.ActiveCfg = Release|Any CPU
		{145B50D8-8203-4E61-A3C5-B8C80D9AF47A}.Release|Any CPU.Build.0 = Release|Any CPU
		{93B847DD-A88F-4F73-B024-B5A7DC119F69}.Debug|Any CPU.ActiveCfg = Debug|Any CPU
		{93B847DD-A88F-4F73-B024-B5A7DC119F69}.Debug|Any CPU.Build.0 = Debug|Any CPU
		{93B847DD-A88F-4F73-B024-B5A7DC119F69}.Release|Any CPU.ActiveCfg = Release|Any CPU
		{93B847DD-A88F-4F73-B024-B5A7DC119F69}.Release|Any CPU.Build.0 = Release|Any CPU
		{B19D8A12-1822-490D-8E0A-B9E826A5583F}.Debug|Any CPU.ActiveCfg = Debug|Any CPU
		{B19D8A12-1822-490D-8E0A-B9E826A5583F}.Debug|Any CPU.Build.0 = Debug|Any CPU
		{B19D8A12-1822-490D-8E0A-B9E826A5583F}.Release|Any CPU.ActiveCfg = Release|Any CPU
		{B19D8A12-1822-490D-8E0A-B9E826A5583F}.Release|Any CPU.Build.0 = Release|Any CPU
	EndGlobalSection
	GlobalSection(SolutionProperties) = preSolution
		HideSolutionNode = FALSE
	EndGlobalSection
	GlobalSection(NestedProjects) = preSolution
		{FD978187-6076-430D-AC5A-5592AF7211EF} = {47E5839C-292E-459F-9215-15CCE4AF9585}
		{3A471D41-70DD-4A71-B56A-A41EE5393EA1} = {FD978187-6076-430D-AC5A-5592AF7211EF}
		{6694537A-82EE-4A3D-88A4-CFC4090B9508} = {FD978187-6076-430D-AC5A-5592AF7211EF}
		{D946E8A7-63E8-4456-AF63-F4603E392F33} = {FD978187-6076-430D-AC5A-5592AF7211EF}
		{EA958F12-7066-4A81-812F-557959D3B816} = {6694537A-82EE-4A3D-88A4-CFC4090B9508}
		{9A74B5C4-9664-49AF-A045-4F07CDE69603} = {D946E8A7-63E8-4456-AF63-F4603E392F33}
		{367174A5-214E-44F5-AA20-C93BAB364D1D} = {6694537A-82EE-4A3D-88A4-CFC4090B9508}
		{30A78BFA-4CBB-4FCB-BAE0-07E5DB3ECA1C} = {6694537A-82EE-4A3D-88A4-CFC4090B9508}
		{F2BCB6B5-8B66-403A-958C-BFB12DFED31D} = {6694537A-82EE-4A3D-88A4-CFC4090B9508}
		{44B0AAD3-7B4A-4F03-97F7-F2637933611A} = {6694537A-82EE-4A3D-88A4-CFC4090B9508}
		{0B19E27C-0170-4094-8237-2ECE0FFE2422} = {3A471D41-70DD-4A71-B56A-A41EE5393EA1}
		{BDE4E4CE-97AA-47EF-9C51-4CBEE216CD42} = {D8FC81A2-F620-4B95-8082-AA0FBDAAE963}
		{205B2048-25C5-44D9-B47E-5755306EFF71} = {0B19E27C-0170-4094-8237-2ECE0FFE2422}
		{F39FB269-6C0C-4CAC-A273-0467258B13B5} = {3A471D41-70DD-4A71-B56A-A41EE5393EA1}
		{624D7F7A-F0DD-418A-BF66-21F189601785} = {F39FB269-6C0C-4CAC-A273-0467258B13B5}
		{6CFE28E0-4279-48AA-ACC6-334A54C304C9} = {0B19E27C-0170-4094-8237-2ECE0FFE2422}
		{FBBF7DE1-5EBD-4B72-888C-1D28AD3BA586} = {0B19E27C-0170-4094-8237-2ECE0FFE2422}
		{BA6C104C-A9DF-4E98-841E-33D3EA7206EE} = {624D7F7A-F0DD-418A-BF66-21F189601785}
		{E635C3B9-2F91-45FF-A83C-083C45BEA7E7} = {3A471D41-70DD-4A71-B56A-A41EE5393EA1}
		{BDA73372-853C-415F-8446-9F45D263A710} = {E635C3B9-2F91-45FF-A83C-083C45BEA7E7}
		{09954976-5777-47A0-AD37-8A330628FCE9} = {0B19E27C-0170-4094-8237-2ECE0FFE2422}
		{40F73228-E12C-4398-8E32-301371EF2C4D} = {0B19E27C-0170-4094-8237-2ECE0FFE2422}
		{C8E1785F-2162-4B8D-A380-B8CB0E03BEB4} = {6694537A-82EE-4A3D-88A4-CFC4090B9508}
		{92E6B581-5411-4CAE-8620-B6E5D988F3B5} = {624D7F7A-F0DD-418A-BF66-21F189601785}
		{D8FC81A2-F620-4B95-8082-AA0FBDAAE963} = {7D7BF668-ADC3-4AC7-94EA-5F70425FFC1E}
		{4ED4ED14-36C2-4CF9-AF66-0F84C707BC21} = {7D7BF668-ADC3-4AC7-94EA-5F70425FFC1E}
		{B840FB93-C39B-4947-82F4-F1E4BB018474} = {7D7BF668-ADC3-4AC7-94EA-5F70425FFC1E}
		{19433E39-4AB1-4910-9442-E9C02599D455} = {D8FC81A2-F620-4B95-8082-AA0FBDAAE963}
		{6AAA0F27-7AFA-4680-B177-EB6557A100FB} = {D8FC81A2-F620-4B95-8082-AA0FBDAAE963}
		{BB8B827A-A3FD-493D-BDA3-30AFCA89739F} = {B840FB93-C39B-4947-82F4-F1E4BB018474}
		{33AD4FDB-B6B0-4C9E-9398-8BB29CE3F274} = {4ED4ED14-36C2-4CF9-AF66-0F84C707BC21}
		{145B50D8-8203-4E61-A3C5-B8C80D9AF47A} = {BDE4E4CE-97AA-47EF-9C51-4CBEE216CD42}
		{93B847DD-A88F-4F73-B024-B5A7DC119F69} = {BDE4E4CE-97AA-47EF-9C51-4CBEE216CD42}
		{B19D8A12-1822-490D-8E0A-B9E826A5583F} = {BDE4E4CE-97AA-47EF-9C51-4CBEE216CD42}
	EndGlobalSection
	GlobalSection(ExtensibilityGlobals) = postSolution
		SolutionGuid = {485DBAD2-666A-48B6-A549-95501EF88CFA}
	EndGlobalSection
EndGlobal
